
Microsoft Visual Studio Solution File, Format Version 12.00
# Visual Studio Version 16
VisualStudioVersion = 16.0.31613.86
MinimumVisualStudioVersion = 10.0.40219.1
Project("{9A19103F-16F7-4668-BE54-9A1E7A4F7556}") = "ToDoApp.DataAccess", "ToDoApp.DataAccess\ToDoApp.DataAccess.csproj", "{250C2841-69E0-4590-A1BC-C436C6D00E7F}"
EndProject
Project("{9A19103F-16F7-4668-BE54-9A1E7A4F7556}") = "ToDoApp.BlazorServerUI", "ToDoApp.BlazorServerUI\ToDoApp.BlazorServerUI.csproj", "{5BA6D28C-7730-458A-969E-2A26907465F6}"
EndProject
Project("{9A19103F-16F7-4668-BE54-9A1E7A4F7556}") = "ToDoApp.Tests", "ToDoApp.Tests\ToDoApp.Tests.csproj", "{13E9D808-DCE1-4E70-80D9-5BC650669884}"
EndProject
Global
	GlobalSection(SolutionConfigurationPlatforms) = preSolution
		Debug|Any CPU = Debug|Any CPU
		Release|Any CPU = Release|Any CPU
	EndGlobalSection
	GlobalSection(ProjectConfigurationPlatforms) = postSolution
		{250C2841-69E0-4590-A1BC-C436C6D00E7F}.Debug|Any CPU.ActiveCfg = Debug|Any CPU
		{250C2841-69E0-4590-A1BC-C436C6D00E7F}.Debug|Any CPU.Build.0 = Debug|Any CPU
		{250C2841-69E0-4590-A1BC-C436C6D00E7F}.Release|Any CPU.ActiveCfg = Release|Any CPU
		{250C2841-69E0-4590-A1BC-C436C6D00E7F}.Release|Any CPU.Build.0 = Release|Any CPU
		{5BA6D28C-7730-458A-969E-2A26907465F6}.Debug|Any CPU.ActiveCfg = Debug|Any CPU
		{5BA6D28C-7730-458A-969E-2A26907465F6}.Debug|Any CPU.Build.0 = Debug|Any CPU
		{5BA6D28C-7730-458A-969E-2A26907465F6}.Release|Any CPU.ActiveCfg = Release|Any CPU
		{5BA6D28C-7730-458A-969E-2A26907465F6}.Release|Any CPU.Build.0 = Release|Any CPU
		{13E9D808-DCE1-4E70-80D9-5BC650669884}.Debug|Any CPU.ActiveCfg = Debug|Any CPU
		{13E9D808-DCE1-4E70-80D9-5BC650669884}.Debug|Any CPU.Build.0 = Debug|Any CPU
		{13E9D808-DCE1-4E70-80D9-5BC650669884}.Release|Any CPU.ActiveCfg = Release|Any CPU
		{13E9D808-DCE1-4E70-80D9-5BC650669884}.Release|Any CPU.Build.0 = Release|Any CPU
	EndGlobalSection
	GlobalSection(SolutionProperties) = preSolution
		HideSolutionNode = FALSE
	EndGlobalSection
	GlobalSection(ExtensibilityGlobals) = postSolution
		SolutionGuid = {D66C3221-F1A2-4E83-AF09-77F6830158C5}
	EndGlobalSection
EndGlobal
